
Microsoft Visual Studio Solution File, Format Version 12.00
# Visual Studio 14
VisualStudioVersion = 14.0.23107.0
MinimumVisualStudioVersion = 10.0.40219.1
Project("{FAE04EC0-301F-11D3-BF4B-00C04F79EFBC}") = "DomainClasses", "DomainClasses\DomainClasses.csproj", "{E2D07154-5ACB-4098-ACD5-07D0C2DD1DF7}"
EndProject
Project("{FAE04EC0-301F-11D3-BF4B-00C04F79EFBC}") = "DAL", "DAL\DAL.csproj", "{FF5C477B-86A2-4D2C-8BBD-71E9B515BD71}"
EndProject
Project("{FAE04EC0-301F-11D3-BF4B-00C04F79EFBC}") = "DALIndependent", "DALIndependent\DALIndependent.csproj", "{A811EFFC-CE32-4619-AB43-9AE0637C8085}"
EndProject
Project("{FAE04EC0-301F-11D3-BF4B-00C04F79EFBC}") = "DomainClassesTest", "DomainClassesTest\DomainClassesTest.csproj", "{E1A0FE8D-6A03-4BBF-8A17-340097D78501}"
EndProject
Global
	GlobalSection(SolutionConfigurationPlatforms) = preSolution
		Debug|Any CPU = Debug|Any CPU
		Release|Any CPU = Release|Any CPU
	EndGlobalSection
	GlobalSection(ProjectConfigurationPlatforms) = postSolution
		{E2D07154-5ACB-4098-ACD5-07D0C2DD1DF7}.Debug|Any CPU.ActiveCfg = Debug|Any CPU
		{E2D07154-5ACB-4098-ACD5-07D0C2DD1DF7}.Debug|Any CPU.Build.0 = Debug|Any CPU
		{E2D07154-5ACB-4098-ACD5-07D0C2DD1DF7}.Release|Any CPU.ActiveCfg = Release|Any CPU
		{E2D07154-5ACB-4098-ACD5-07D0C2DD1DF7}.Release|Any CPU.Build.0 = Release|Any CPU
		{FF5C477B-86A2-4D2C-8BBD-71E9B515BD71}.Debug|Any CPU.ActiveCfg = Debug|Any CPU
		{FF5C477B-86A2-4D2C-8BBD-71E9B515BD71}.Debug|Any CPU.Build.0 = Debug|Any CPU
		{FF5C477B-86A2-4D2C-8BBD-71E9B515BD71}.Release|Any CPU.ActiveCfg = Release|Any CPU
		{FF5C477B-86A2-4D2C-8BBD-71E9B515BD71}.Release|Any CPU.Build.0 = Release|Any CPU
		{A811EFFC-CE32-4619-AB43-9AE0637C8085}.Debug|Any CPU.ActiveCfg = Debug|Any CPU
		{A811EFFC-CE32-4619-AB43-9AE0637C8085}.Debug|Any CPU.Build.0 = Debug|Any CPU
		{A811EFFC-CE32-4619-AB43-9AE0637C8085}.Release|Any CPU.ActiveCfg = Release|Any CPU
		{A811EFFC-CE32-4619-AB43-9AE0637C8085}.Release|Any CPU.Build.0 = Release|Any CPU
		{E1A0FE8D-6A03-4BBF-8A17-340097D78501}.Debug|Any CPU.ActiveCfg = Debug|Any CPU
		{E1A0FE8D-6A03-4BBF-8A17-340097D78501}.Debug|Any CPU.Build.0 = Debug|Any CPU
		{E1A0FE8D-6A03-4BBF-8A17-340097D78501}.Release|Any CPU.ActiveCfg = Release|Any CPU
		{E1A0FE8D-6A03-4BBF-8A17-340097D78501}.Release|Any CPU.Build.0 = Release|Any CPU
	EndGlobalSection
	GlobalSection(SolutionProperties) = preSolution
		HideSolutionNode = FALSE
	EndGlobalSection
EndGlobal
