
Microsoft Visual Studio Solution File, Format Version 12.00
# Visual Studio 14
VisualStudioVersion = 14.0.23107.0
MinimumVisualStudioVersion = 10.0.40219.1
Project("{FAE04EC0-301F-11D3-BF4B-00C04F79EFBC}") = "DALTestClient", "DALTestClient\DALTestClient.csproj", "{6146BC8A-5427-4152-8E23-A2F33CD06484}"
EndProject
Project("{FAE04EC0-301F-11D3-BF4B-00C04F79EFBC}") = "DomainClasses", "DomainClasses\DomainClasses.csproj", "{E2D07154-5ACB-4098-ACD5-07D0C2DD1DF7}"
EndProject
Project("{FAE04EC0-301F-11D3-BF4B-00C04F79EFBC}") = "DomainClassesTest", "DomainClassesTest\DomainClassesTest.csproj", "{E1A0FE8D-6A03-4BBF-8A17-340097D78501}"
EndProject
Project("{FAE04EC0-301F-11D3-BF4B-00C04F79EFBC}") = "DALMySql", "DALMySql\DALMySql.csproj", "{A811EFFC-CE32-4619-AB43-9AE0637C8085}"
EndProject
Project("{FAE04EC0-301F-11D3-BF4B-00C04F79EFBC}") = "DALMySqlTest", "DALMySqlTest\DALMySqlTest.csproj", "{638B2800-C8D8-4DA6-BB10-C8BC5F1F23E1}"
EndProject
Project("{FAE04EC0-301F-11D3-BF4B-00C04F79EFBC}") = "DALCommon", "DALCommon\DALCommon.csproj", "{FF5C477B-86A2-4D2C-8BBD-71E9B515BD71}"
EndProject
Project("{FAE04EC0-301F-11D3-BF4B-00C04F79EFBC}") = "DALCommonTest", "DALCommonTest\DALCommonTest.csproj", "{5516DEA3-3945-4F40-95E0-004AF487796E}"
EndProject
Project("{FAE04EC0-301F-11D3-BF4B-00C04F79EFBC}") = "Commander", "Commander\Commander.csproj", "{668330A0-95B3-484C-93A2-E74A7AC08DD2}"
EndProject
Project("{FAE04EC0-301F-11D3-BF4B-00C04F79EFBC}") = "UFO.BL", "UFO.BL\UFO.BL.csproj", "{E35D8822-7688-4B48-8BBF-30FAB35442C2}"
EndProject
Global
	GlobalSection(SolutionConfigurationPlatforms) = preSolution
		Debug|Any CPU = Debug|Any CPU
		Release|Any CPU = Release|Any CPU
	EndGlobalSection
	GlobalSection(ProjectConfigurationPlatforms) = postSolution
		{6146BC8A-5427-4152-8E23-A2F33CD06484}.Debug|Any CPU.ActiveCfg = Debug|Any CPU
		{6146BC8A-5427-4152-8E23-A2F33CD06484}.Debug|Any CPU.Build.0 = Debug|Any CPU
		{6146BC8A-5427-4152-8E23-A2F33CD06484}.Release|Any CPU.ActiveCfg = Release|Any CPU
		{6146BC8A-5427-4152-8E23-A2F33CD06484}.Release|Any CPU.Build.0 = Release|Any CPU
		{E2D07154-5ACB-4098-ACD5-07D0C2DD1DF7}.Debug|Any CPU.ActiveCfg = Debug|Any CPU
		{E2D07154-5ACB-4098-ACD5-07D0C2DD1DF7}.Debug|Any CPU.Build.0 = Debug|Any CPU
		{E2D07154-5ACB-4098-ACD5-07D0C2DD1DF7}.Release|Any CPU.ActiveCfg = Release|Any CPU
		{E2D07154-5ACB-4098-ACD5-07D0C2DD1DF7}.Release|Any CPU.Build.0 = Release|Any CPU
		{E1A0FE8D-6A03-4BBF-8A17-340097D78501}.Debug|Any CPU.ActiveCfg = Debug|Any CPU
		{E1A0FE8D-6A03-4BBF-8A17-340097D78501}.Debug|Any CPU.Build.0 = Debug|Any CPU
		{E1A0FE8D-6A03-4BBF-8A17-340097D78501}.Release|Any CPU.ActiveCfg = Release|Any CPU
		{E1A0FE8D-6A03-4BBF-8A17-340097D78501}.Release|Any CPU.Build.0 = Release|Any CPU
		{A811EFFC-CE32-4619-AB43-9AE0637C8085}.Debug|Any CPU.ActiveCfg = Debug|Any CPU
		{A811EFFC-CE32-4619-AB43-9AE0637C8085}.Debug|Any CPU.Build.0 = Debug|Any CPU
		{A811EFFC-CE32-4619-AB43-9AE0637C8085}.Release|Any CPU.ActiveCfg = Release|Any CPU
		{A811EFFC-CE32-4619-AB43-9AE0637C8085}.Release|Any CPU.Build.0 = Release|Any CPU
		{638B2800-C8D8-4DA6-BB10-C8BC5F1F23E1}.Debug|Any CPU.ActiveCfg = Debug|Any CPU
		{638B2800-C8D8-4DA6-BB10-C8BC5F1F23E1}.Debug|Any CPU.Build.0 = Debug|Any CPU
		{638B2800-C8D8-4DA6-BB10-C8BC5F1F23E1}.Release|Any CPU.ActiveCfg = Release|Any CPU
		{638B2800-C8D8-4DA6-BB10-C8BC5F1F23E1}.Release|Any CPU.Build.0 = Release|Any CPU
		{FF5C477B-86A2-4D2C-8BBD-71E9B515BD71}.Debug|Any CPU.ActiveCfg = Debug|Any CPU
		{FF5C477B-86A2-4D2C-8BBD-71E9B515BD71}.Debug|Any CPU.Build.0 = Debug|Any CPU
		{FF5C477B-86A2-4D2C-8BBD-71E9B515BD71}.Release|Any CPU.ActiveCfg = Release|Any CPU
		{FF5C477B-86A2-4D2C-8BBD-71E9B515BD71}.Release|Any CPU.Build.0 = Release|Any CPU
		{5516DEA3-3945-4F40-95E0-004AF487796E}.Debug|Any CPU.ActiveCfg = Debug|Any CPU
		{5516DEA3-3945-4F40-95E0-004AF487796E}.Debug|Any CPU.Build.0 = Debug|Any CPU
		{5516DEA3-3945-4F40-95E0-004AF487796E}.Release|Any CPU.ActiveCfg = Release|Any CPU
		{5516DEA3-3945-4F40-95E0-004AF487796E}.Release|Any CPU.Build.0 = Release|Any CPU
		{668330A0-95B3-484C-93A2-E74A7AC08DD2}.Debug|Any CPU.ActiveCfg = Debug|Any CPU
		{668330A0-95B3-484C-93A2-E74A7AC08DD2}.Debug|Any CPU.Build.0 = Debug|Any CPU
		{668330A0-95B3-484C-93A2-E74A7AC08DD2}.Release|Any CPU.ActiveCfg = Release|Any CPU
		{668330A0-95B3-484C-93A2-E74A7AC08DD2}.Release|Any CPU.Build.0 = Release|Any CPU
		{E35D8822-7688-4B48-8BBF-30FAB35442C2}.Debug|Any CPU.ActiveCfg = Debug|Any CPU
		{E35D8822-7688-4B48-8BBF-30FAB35442C2}.Debug|Any CPU.Build.0 = Debug|Any CPU
		{E35D8822-7688-4B48-8BBF-30FAB35442C2}.Release|Any CPU.ActiveCfg = Release|Any CPU
		{E35D8822-7688-4B48-8BBF-30FAB35442C2}.Release|Any CPU.Build.0 = Release|Any CPU
	EndGlobalSection
	GlobalSection(SolutionProperties) = preSolution
		HideSolutionNode = FALSE
	EndGlobalSection
EndGlobal
